
Microsoft Visual Studio Solution File, Format Version 12.00
# Visual Studio Version 17
VisualStudioVersion = 17.13.35825.156
MinimumVisualStudioVersion = 10.0.40219.1
Project("{FAE04EC0-301F-11D3-BF4B-00C04F79EFBC}") = "ProiectPIU", "ProiectPIU\ProiectPIU.csproj", "{5A3EB02B-3A89-452A-B30A-1CA77B1AEFE1}"
EndProject
Project("{FAE04EC0-301F-11D3-BF4B-00C04F79EFBC}") = "StocareDateNiveluri", "StocareDateNiveluri\StocareDateNiveluri.csproj", "{97135202-73B7-4FF8-AEC6-6D873E0889A7}"
EndProject
Global
	GlobalSection(SolutionConfigurationPlatforms) = preSolution
		Debug|Any CPU = Debug|Any CPU
		Release|Any CPU = Release|Any CPU
	EndGlobalSection
	GlobalSection(ProjectConfigurationPlatforms) = postSolution
		{5A3EB02B-3A89-452A-B30A-1CA77B1AEFE1}.Debug|Any CPU.ActiveCfg = Debug|Any CPU
		{5A3EB02B-3A89-452A-B30A-1CA77B1AEFE1}.Debug|Any CPU.Build.0 = Debug|Any CPU
		{5A3EB02B-3A89-452A-B30A-1CA77B1AEFE1}.Release|Any CPU.ActiveCfg = Release|Any CPU
		{5A3EB02B-3A89-452A-B30A-1CA77B1AEFE1}.Release|Any CPU.Build.0 = Release|Any CPU
		{97135202-73B7-4FF8-AEC6-6D873E0889A7}.Debug|Any CPU.ActiveCfg = Debug|Any CPU
		{97135202-73B7-4FF8-AEC6-6D873E0889A7}.Debug|Any CPU.Build.0 = Debug|Any CPU
		{97135202-73B7-4FF8-AEC6-6D873E0889A7}.Release|Any CPU.ActiveCfg = Release|Any CPU
		{97135202-73B7-4FF8-AEC6-6D873E0889A7}.Release|Any CPU.Build.0 = Release|Any CPU
	EndGlobalSection
	GlobalSection(SolutionProperties) = preSolution
		HideSolutionNode = FALSE
	EndGlobalSection
	GlobalSection(ExtensibilityGlobals) = postSolution
		SolutionGuid = {C2A02DF5-DCD8-460B-99D4-C04890372C07}
	EndGlobalSection
EndGlobal
